
Microsoft Visual Studio Solution File, Format Version 12.00
# Visual Studio Version 16
VisualStudioVersion = 16.0.31129.286
MinimumVisualStudioVersion = 10.0.40219.1
Project("{FAE04EC0-301F-11D3-BF4B-00C04F79EFBC}") = "EShop.Domain", "EShop.Domain\EShop.Domain.csproj", "{D78A1EF9-33D1-4EB1-B600-680459AF0FD2}"
EndProject
Project("{FAE04EC0-301F-11D3-BF4B-00C04F79EFBC}") = "EShop.Api", "EShop.Api\EShop.Api.csproj", "{71EB889F-91FF-49B6-8AC7-62055BE5E4C6}"
EndProject
Global
	GlobalSection(SolutionConfigurationPlatforms) = preSolution
		Debug|Any CPU = Debug|Any CPU
		Release|Any CPU = Release|Any CPU
	EndGlobalSection
	GlobalSection(ProjectConfigurationPlatforms) = postSolution
		{D78A1EF9-33D1-4EB1-B600-680459AF0FD2}.Debug|Any CPU.ActiveCfg = Debug|Any CPU
		{D78A1EF9-33D1-4EB1-B600-680459AF0FD2}.Debug|Any CPU.Build.0 = Debug|Any CPU
		{D78A1EF9-33D1-4EB1-B600-680459AF0FD2}.Release|Any CPU.ActiveCfg = Release|Any CPU
		{D78A1EF9-33D1-4EB1-B600-680459AF0FD2}.Release|Any CPU.Build.0 = Release|Any CPU
		{71EB889F-91FF-49B6-8AC7-62055BE5E4C6}.Debug|Any CPU.ActiveCfg = Debug|Any CPU
		{71EB889F-91FF-49B6-8AC7-62055BE5E4C6}.Debug|Any CPU.Build.0 = Debug|Any CPU
		{71EB889F-91FF-49B6-8AC7-62055BE5E4C6}.Release|Any CPU.ActiveCfg = Release|Any CPU
		{71EB889F-91FF-49B6-8AC7-62055BE5E4C6}.Release|Any CPU.Build.0 = Release|Any CPU
	EndGlobalSection
	GlobalSection(SolutionProperties) = preSolution
		HideSolutionNode = FALSE
	EndGlobalSection
	GlobalSection(ExtensibilityGlobals) = postSolution
		SolutionGuid = {A244ADBE-8A2E-4C99-AD37-DCA43311739A}
	EndGlobalSection
EndGlobal
